
Microsoft Visual Studio Solution File, Format Version 12.00
# Visual Studio Version 16
VisualStudioVersion = 16.0.31613.86
MinimumVisualStudioVersion = 10.0.40219.1
Project("{FAE04EC0-301F-11D3-BF4B-00C04F79EFBC}") = "FinalProject", "FinalProject.csproj", "{972D2761-E994-4EDD-BF07-E8567CE1CD68}"
EndProject
Project("{FAE04EC0-301F-11D3-BF4B-00C04F79EFBC}") = "FinalProject.Auth", "..\FinalProject.Auth\FinalProject.Auth.csproj", "{844909C9-01BD-4F8F-A695-6F006300F044}"
EndProject
Project("{FAE04EC0-301F-11D3-BF4B-00C04F79EFBC}") = "FinalProject.DBSource", "..\FinalProject.DBSource\FinalProject.DBSource.csproj", "{047B7BF9-CDFE-432B-9A80-937D6F718385}"
EndProject
Global
	GlobalSection(SolutionConfigurationPlatforms) = preSolution
		Debug|Any CPU = Debug|Any CPU
		Release|Any CPU = Release|Any CPU
	EndGlobalSection
	GlobalSection(ProjectConfigurationPlatforms) = postSolution
		{972D2761-E994-4EDD-BF07-E8567CE1CD68}.Debug|Any CPU.ActiveCfg = Debug|Any CPU
		{972D2761-E994-4EDD-BF07-E8567CE1CD68}.Debug|Any CPU.Build.0 = Debug|Any CPU
		{972D2761-E994-4EDD-BF07-E8567CE1CD68}.Release|Any CPU.ActiveCfg = Release|Any CPU
		{972D2761-E994-4EDD-BF07-E8567CE1CD68}.Release|Any CPU.Build.0 = Release|Any CPU
		{844909C9-01BD-4F8F-A695-6F006300F044}.Debug|Any CPU.ActiveCfg = Debug|Any CPU
		{844909C9-01BD-4F8F-A695-6F006300F044}.Debug|Any CPU.Build.0 = Debug|Any CPU
		{844909C9-01BD-4F8F-A695-6F006300F044}.Release|Any CPU.ActiveCfg = Release|Any CPU
		{844909C9-01BD-4F8F-A695-6F006300F044}.Release|Any CPU.Build.0 = Release|Any CPU
		{047B7BF9-CDFE-432B-9A80-937D6F718385}.Debug|Any CPU.ActiveCfg = Debug|Any CPU
		{047B7BF9-CDFE-432B-9A80-937D6F718385}.Debug|Any CPU.Build.0 = Debug|Any CPU
		{047B7BF9-CDFE-432B-9A80-937D6F718385}.Release|Any CPU.ActiveCfg = Release|Any CPU
		{047B7BF9-CDFE-432B-9A80-937D6F718385}.Release|Any CPU.Build.0 = Release|Any CPU
	EndGlobalSection
	GlobalSection(SolutionProperties) = preSolution
		HideSolutionNode = FALSE
	EndGlobalSection
	GlobalSection(ExtensibilityGlobals) = postSolution
		SolutionGuid = {1FE61381-EC65-4F62-9886-97CFBB8804B3}
	EndGlobalSection
EndGlobal
